
Microsoft Visual Studio Solution File, Format Version 12.00
# Visual Studio Version 17
VisualStudioVersion = 17.5.33424.131
MinimumVisualStudioVersion = 10.0.40219.1
Project("{FAE04EC0-301F-11D3-BF4B-00C04F79EFBC}") = "WebApplication1", "WebApplication1.csproj", "{0CC6E3AF-E91D-4EAD-B38F-F75BF5F42774}"
EndProject
Global
	GlobalSection(SolutionConfigurationPlatforms) = preSolution
		Debug|Any CPU = Debug|Any CPU
		Release|Any CPU = Release|Any CPU
	EndGlobalSection
	GlobalSection(ProjectConfigurationPlatforms) = postSolution
		{0CC6E3AF-E91D-4EAD-B38F-F75BF5F42774}.Debug|Any CPU.ActiveCfg = Debug|Any CPU
		{0CC6E3AF-E91D-4EAD-B38F-F75BF5F42774}.Debug|Any CPU.Build.0 = Debug|Any CPU
		{0CC6E3AF-E91D-4EAD-B38F-F75BF5F42774}.Release|Any CPU.ActiveCfg = Release|Any CPU
		{0CC6E3AF-E91D-4EAD-B38F-F75BF5F42774}.Release|Any CPU.Build.0 = Release|Any CPU
	EndGlobalSection
	GlobalSection(SolutionProperties) = preSolution
		HideSolutionNode = FALSE
	EndGlobalSection
	GlobalSection(ExtensibilityGlobals) = postSolution
		SolutionGuid = {8A7492FE-3027-47CF-A6ED-06C0E18EFB7C}
	EndGlobalSection
EndGlobal
